
Microsoft Visual Studio Solution File, Format Version 12.00
# Visual Studio Version 16
VisualStudioVersion = 16.0.31019.35
MinimumVisualStudioVersion = 10.0.40219.1
Project("{FAE04EC0-301F-11D3-BF4B-00C04F79EFBC}") = "UWPProject", "UWPProject\UWPProject.csproj", "{CC044FFB-9FE4-47DB-8921-579C0917F660}"
EndProject
Project("{9A19103F-16F7-4668-BE54-9A1E7A4F7556}") = "DAL", "DAL\DAL.csproj", "{02C316C7-0B06-4063-BC0B-4AB90A94D050}"
EndProject
Project("{9A19103F-16F7-4668-BE54-9A1E7A4F7556}") = "UwpBackend", "..\..\source\repos\UwpBackend\UwpBackend\UwpBackend.csproj", "{9B5D18F7-B1A0-4A99-947A-88AA8E89C4FC}"
EndProject
Project("{FAE04EC0-301F-11D3-BF4B-00C04F79EFBC}") = "BackgroundTaskRuntimeComponent", "BackgroundTaskRuntimeComponent\BackgroundTaskRuntimeComponent.csproj", "{76536BA1-39D9-40EC-8BE2-5C2FCFE789E4}"
EndProject
Global
	GlobalSection(SolutionConfigurationPlatforms) = preSolution
		Debug|Any CPU = Debug|Any CPU
		Debug|ARM = Debug|ARM
		Debug|ARM64 = Debug|ARM64
		Debug|x64 = Debug|x64
		Debug|x86 = Debug|x86
		Release|Any CPU = Release|Any CPU
		Release|ARM = Release|ARM
		Release|ARM64 = Release|ARM64
		Release|x64 = Release|x64
		Release|x86 = Release|x86
	EndGlobalSection
	GlobalSection(ProjectConfigurationPlatforms) = postSolution
		{CC044FFB-9FE4-47DB-8921-579C0917F660}.Debug|Any CPU.ActiveCfg = Debug|x86
		{CC044FFB-9FE4-47DB-8921-579C0917F660}.Debug|ARM.ActiveCfg = Debug|ARM
		{CC044FFB-9FE4-47DB-8921-579C0917F660}.Debug|ARM.Build.0 = Debug|ARM
		{CC044FFB-9FE4-47DB-8921-579C0917F660}.Debug|ARM.Deploy.0 = Debug|ARM
		{CC044FFB-9FE4-47DB-8921-579C0917F660}.Debug|ARM64.ActiveCfg = Debug|ARM64
		{CC044FFB-9FE4-47DB-8921-579C0917F660}.Debug|ARM64.Build.0 = Debug|ARM64
		{CC044FFB-9FE4-47DB-8921-579C0917F660}.Debug|ARM64.Deploy.0 = Debug|ARM64
		{CC044FFB-9FE4-47DB-8921-579C0917F660}.Debug|x64.ActiveCfg = Debug|x64
		{CC044FFB-9FE4-47DB-8921-579C0917F660}.Debug|x64.Build.0 = Debug|x64
		{CC044FFB-9FE4-47DB-8921-579C0917F660}.Debug|x64.Deploy.0 = Debug|x64
		{CC044FFB-9FE4-47DB-8921-579C0917F660}.Debug|x86.ActiveCfg = Debug|x86
		{CC044FFB-9FE4-47DB-8921-579C0917F660}.Debug|x86.Build.0 = Debug|x86
		{CC044FFB-9FE4-47DB-8921-579C0917F660}.Debug|x86.Deploy.0 = Debug|x86
		{CC044FFB-9FE4-47DB-8921-579C0917F660}.Release|Any CPU.ActiveCfg = Release|x86
		{CC044FFB-9FE4-47DB-8921-579C0917F660}.Release|ARM.ActiveCfg = Release|ARM
		{CC044FFB-9FE4-47DB-8921-579C0917F660}.Release|ARM.Build.0 = Release|ARM
		{CC044FFB-9FE4-47DB-8921-579C0917F660}.Release|ARM.Deploy.0 = Release|ARM
		{CC044FFB-9FE4-47DB-8921-579C0917F660}.Release|ARM64.ActiveCfg = Release|ARM64
		{CC044FFB-9FE4-47DB-8921-579C0917F660}.Release|ARM64.Build.0 = Release|ARM64
		{CC044FFB-9FE4-47DB-8921-579C0917F660}.Release|ARM64.Deploy.0 = Release|ARM64
		{CC044FFB-9FE4-47DB-8921-579C0917F660}.Release|x64.ActiveCfg = Release|x64
		{CC044FFB-9FE4-47DB-8921-579C0917F660}.Release|x64.Build.0 = Release|x64
		{CC044FFB-9FE4-47DB-8921-579C0917F660}.Release|x64.Deploy.0 = Release|x64
		{CC044FFB-9FE4-47DB-8921-579C0917F660}.Release|x86.ActiveCfg = Release|x86
		{CC044FFB-9FE4-47DB-8921-579C0917F660}.Release|x86.Build.0 = Release|x86
		{CC044FFB-9FE4-47DB-8921-579C0917F660}.Release|x86.Deploy.0 = Release|x86
		{02C316C7-0B06-4063-BC0B-4AB90A94D050}.Debug|Any CPU.ActiveCfg = Debug|Any CPU
		{02C316C7-0B06-4063-BC0B-4AB90A94D050}.Debug|Any CPU.Build.0 = Debug|Any CPU
		{02C316C7-0B06-4063-BC0B-4AB90A94D050}.Debug|ARM.ActiveCfg = Debug|Any CPU
		{02C316C7-0B06-4063-BC0B-4AB90A94D050}.Debug|ARM.Build.0 = Debug|Any CPU
		{02C316C7-0B06-4063-BC0B-4AB90A94D050}.Debug|ARM64.ActiveCfg = Debug|Any CPU
		{02C316C7-0B06-4063-BC0B-4AB90A94D050}.Debug|ARM64.Build.0 = Debug|Any CPU
		{02C316C7-0B06-4063-BC0B-4AB90A94D050}.Debug|x64.ActiveCfg = Debug|Any CPU
		{02C316C7-0B06-4063-BC0B-4AB90A94D050}.Debug|x64.Build.0 = Debug|Any CPU
		{02C316C7-0B06-4063-BC0B-4AB90A94D050}.Debug|x86.ActiveCfg = Debug|Any CPU
		{02C316C7-0B06-4063-BC0B-4AB90A94D050}.Debug|x86.Build.0 = Debug|Any CPU
		{02C316C7-0B06-4063-BC0B-4AB90A94D050}.Release|Any CPU.ActiveCfg = Release|Any CPU
		{02C316C7-0B06-4063-BC0B-4AB90A94D050}.Release|Any CPU.Build.0 = Release|Any CPU
		{02C316C7-0B06-4063-BC0B-4AB90A94D050}.Release|ARM.ActiveCfg = Release|Any CPU
		{02C316C7-0B06-4063-BC0B-4AB90A94D050}.Release|ARM.Build.0 = Release|Any CPU
		{02C316C7-0B06-4063-BC0B-4AB90A94D050}.Release|ARM64.ActiveCfg = Release|Any CPU
		{02C316C7-0B06-4063-BC0B-4AB90A94D050}.Release|ARM64.Build.0 = Release|Any CPU
		{02C316C7-0B06-4063-BC0B-4AB90A94D050}.Release|x64.ActiveCfg = Release|Any CPU
		{02C316C7-0B06-4063-BC0B-4AB90A94D050}.Release|x64.Build.0 = Release|Any CPU
		{02C316C7-0B06-4063-BC0B-4AB90A94D050}.Release|x86.ActiveCfg = Release|Any CPU
		{02C316C7-0B06-4063-BC0B-4AB90A94D050}.Release|x86.Build.0 = Release|Any CPU
		{9B5D18F7-B1A0-4A99-947A-88AA8E89C4FC}.Debug|Any CPU.ActiveCfg = Debug|Any CPU
		{9B5D18F7-B1A0-4A99-947A-88AA8E89C4FC}.Debug|Any CPU.Build.0 = Debug|Any CPU
		{9B5D18F7-B1A0-4A99-947A-88AA8E89C4FC}.Debug|ARM.ActiveCfg = Debug|Any CPU
		{9B5D18F7-B1A0-4A99-947A-88AA8E89C4FC}.Debug|ARM.Build.0 = Debug|Any CPU
		{9B5D18F7-B1A0-4A99-947A-88AA8E89C4FC}.Debug|ARM64.ActiveCfg = Debug|Any CPU
		{9B5D18F7-B1A0-4A99-947A-88AA8E89C4FC}.Debug|ARM64.Build.0 = Debug|Any CPU
		{9B5D18F7-B1A0-4A99-947A-88AA8E89C4FC}.Debug|x64.ActiveCfg = Debug|Any CPU
		{9B5D18F7-B1A0-4A99-947A-88AA8E89C4FC}.Debug|x64.Build.0 = Debug|Any CPU
		{9B5D18F7-B1A0-4A99-947A-88AA8E89C4FC}.Debug|x86.ActiveCfg = Debug|Any CPU
		{9B5D18F7-B1A0-4A99-947A-88AA8E89C4FC}.Debug|x86.Build.0 = Debug|Any CPU
		{9B5D18F7-B1A0-4A99-947A-88AA8E89C4FC}.Release|Any CPU.ActiveCfg = Release|Any CPU
		{9B5D18F7-B1A0-4A99-947A-88AA8E89C4FC}.Release|Any CPU.Build.0 = Release|Any CPU
		{9B5D18F7-B1A0-4A99-947A-88AA8E89C4FC}.Release|ARM.ActiveCfg = Release|Any CPU
		{9B5D18F7-B1A0-4A99-947A-88AA8E89C4FC}.Release|ARM.Build.0 = Release|Any CPU
		{9B5D18F7-B1A0-4A99-947A-88AA8E89C4FC}.Release|ARM64.ActiveCfg = Release|Any CPU
		{9B5D18F7-B1A0-4A99-947A-88AA8E89C4FC}.Release|ARM64.Build.0 = Release|Any CPU
		{9B5D18F7-B1A0-4A99-947A-88AA8E89C4FC}.Release|x64.ActiveCfg = Release|Any CPU
		{9B5D18F7-B1A0-4A99-947A-88AA8E89C4FC}.Release|x64.Build.0 = Release|Any CPU
		{9B5D18F7-B1A0-4A99-947A-88AA8E89C4FC}.Release|x86.ActiveCfg = Release|Any CPU
		{9B5D18F7-B1A0-4A99-947A-88AA8E89C4FC}.Release|x86.Build.0 = Release|Any CPU
		{76536BA1-39D9-40EC-8BE2-5C2FCFE789E4}.Debug|Any CPU.ActiveCfg = Debug|Any CPU
		{76536BA1-39D9-40EC-8BE2-5C2FCFE789E4}.Debug|Any CPU.Build.0 = Debug|Any CPU
		{76536BA1-39D9-40EC-8BE2-5C2FCFE789E4}.Debug|ARM.ActiveCfg = Debug|ARM
		{76536BA1-39D9-40EC-8BE2-5C2FCFE789E4}.Debug|ARM.Build.0 = Debug|ARM
		{76536BA1-39D9-40EC-8BE2-5C2FCFE789E4}.Debug|ARM64.ActiveCfg = Debug|ARM64
		{76536BA1-39D9-40EC-8BE2-5C2FCFE789E4}.Debug|ARM64.Build.0 = Debug|ARM64
		{76536BA1-39D9-40EC-8BE2-5C2FCFE789E4}.Debug|x64.ActiveCfg = Debug|x64
		{76536BA1-39D9-40EC-8BE2-5C2FCFE789E4}.Debug|x64.Build.0 = Debug|x64
		{76536BA1-39D9-40EC-8BE2-5C2FCFE789E4}.Debug|x86.ActiveCfg = Debug|x86
		{76536BA1-39D9-40EC-8BE2-5C2FCFE789E4}.Debug|x86.Build.0 = Debug|x86
		{76536BA1-39D9-40EC-8BE2-5C2FCFE789E4}.Release|Any CPU.ActiveCfg = Release|Any CPU
		{76536BA1-39D9-40EC-8BE2-5C2FCFE789E4}.Release|Any CPU.Build.0 = Release|Any CPU
		{76536BA1-39D9-40EC-8BE2-5C2FCFE789E4}.Release|ARM.ActiveCfg = Release|ARM
		{76536BA1-39D9-40EC-8BE2-5C2FCFE789E4}.Release|ARM.Build.0 = Release|ARM
		{76536BA1-39D9-40EC-8BE2-5C2FCFE789E4}.Release|ARM64.ActiveCfg = Release|ARM64
		{76536BA1-39D9-40EC-8BE2-5C2FCFE789E4}.Release|ARM64.Build.0 = Release|ARM64
		{76536BA1-39D9-40EC-8BE2-5C2FCFE789E4}.Release|x64.ActiveCfg = Release|x64
		{76536BA1-39D9-40EC-8BE2-5C2FCFE789E4}.Release|x64.Build.0 = Release|x64
		{76536BA1-39D9-40EC-8BE2-5C2FCFE789E4}.Release|x86.ActiveCfg = Release|x86
		{76536BA1-39D9-40EC-8BE2-5C2FCFE789E4}.Release|x86.Build.0 = Release|x86
	EndGlobalSection
	GlobalSection(SolutionProperties) = preSolution
		HideSolutionNode = FALSE
	EndGlobalSection
	GlobalSection(ExtensibilityGlobals) = postSolution
		SolutionGuid = {E411CFB7-A40B-4B19-8673-7AC67BC3D39A}
	EndGlobalSection
EndGlobal
